
Microsoft Visual Studio Solution File, Format Version 12.00
# Visual Studio 15
VisualStudioVersion = 15.0.27130.2027
MinimumVisualStudioVersion = 10.0.40219.1
Project("{2150E333-8FDC-42A3-9474-1A3956D46DE8}") = "1.Naming", "1.Naming", "{82C0E932-0C3F-4CED-87B2-0EE4E87DE88B}"
EndProject
Project("{2150E333-8FDC-42A3-9474-1A3956D46DE8}") = "2.Functions", "2.Functions", "{208D21F2-D6C4-44FD-B6BF-29E3086CEA46}"
EndProject
Project("{2150E333-8FDC-42A3-9474-1A3956D46DE8}") = "3.1.Comments", "3.1.Comments", "{3ACACBAA-4DDB-40C6-A807-ABA04937B4B1}"
EndProject
Project("{2150E333-8FDC-42A3-9474-1A3956D46DE8}") = "3.2.DRY", "3.2.DRY", "{5213163B-1800-481B-81CE-7463D9E2D898}"
EndProject
Project("{2150E333-8FDC-42A3-9474-1A3956D46DE8}") = "3.3.Error Handling", "3.3.Error Handling", "{C6464E38-AC29-475D-B4D7-B575C24BD85F}"
EndProject
Project("{2150E333-8FDC-42A3-9474-1A3956D46DE8}") = "4.Complex Task", "4.Complex Task", "{5BB50FAC-2C84-4311-B179-09FDD72791E8}"
EndProject
Project("{9A19103F-16F7-4668-BE54-9A1E7A4F7556}") = "Naming", "1.Naming\Naming\Naming.csproj", "{CDBFDC74-52EB-47D6-9532-6BC1B97306DD}"
EndProject
Project("{9A19103F-16F7-4668-BE54-9A1E7A4F7556}") = "Naming.Tests", "1.Naming\Naming.Tests\Naming.Tests.csproj", "{519E2601-94E6-4B4A-8FB1-8FDE9CAE0EF1}"
EndProject
Project("{9A19103F-16F7-4668-BE54-9A1E7A4F7556}") = "Functions", "2.Functions\Functions\Functions.csproj", "{3B969F9B-14CC-4BE2-8EF9-3B855DD3B033}"
EndProject
Project("{9A19103F-16F7-4668-BE54-9A1E7A4F7556}") = "Functions.Tests", "2.Functions\Functions.Tests\Functions.Tests.csproj", "{319D783C-E388-48BA-A7C9-2790C9B33395}"
EndProject
Project("{9A19103F-16F7-4668-BE54-9A1E7A4F7556}") = "Comments", "3.1.Comments\Comments\Comments.csproj", "{A0E3C68D-5FA8-405E-A31E-CCBF47847831}"
EndProject
Project("{9A19103F-16F7-4668-BE54-9A1E7A4F7556}") = "Comments.Tests", "3.1.Comments\Comments.Tests\Comments.Tests.csproj", "{B8D027E9-C3CB-4CE5-ADAC-F3842CAF7475}"
EndProject
Project("{9A19103F-16F7-4668-BE54-9A1E7A4F7556}") = "DRY", "3.2.DRY\DRY\DRY.csproj", "{6C3039CF-06D6-4FA4-9E30-8DC0940EA323}"
EndProject
Project("{9A19103F-16F7-4668-BE54-9A1E7A4F7556}") = "Complex.Tests", "4.Complex Task\Complex.Tests\Complex.Tests.csproj", "{BC9DFBCD-57E9-40C3-8F27-D0CF9EAEA362}"
EndProject
Project("{9A19103F-16F7-4668-BE54-9A1E7A4F7556}") = "Complex", "4.Complex Task\Complex\Complex.csproj", "{A778B911-E9C4-49B5-BB8F-02726008D673}"
EndProject
Project("{9A19103F-16F7-4668-BE54-9A1E7A4F7556}") = "ErrorHandling.Tests", "3.3.Error Handling\ErrorHandling.Tests\ErrorHandling.Tests.csproj", "{445ADDFD-9D50-4050-B095-DAF04D0699AC}"
EndProject
Project("{9A19103F-16F7-4668-BE54-9A1E7A4F7556}") = "ErrorHandling", "3.3.Error Handling\ErrorHandling\ErrorHandling.csproj", "{6B10C37E-9A3E-4BF3-9505-4C9AD372F010}"
EndProject
Project("{9A19103F-16F7-4668-BE54-9A1E7A4F7556}") = "DRY.Tests", "3.2.DRY\DRY.Tests\DRY.Tests.csproj", "{D1BFB820-822E-4D25-9F1D-ECA3C388A101}"
EndProject
Global
	GlobalSection(SolutionConfigurationPlatforms) = preSolution
		Debug|Any CPU = Debug|Any CPU
		Release|Any CPU = Release|Any CPU
	EndGlobalSection
	GlobalSection(ProjectConfigurationPlatforms) = postSolution
		{CDBFDC74-52EB-47D6-9532-6BC1B97306DD}.Debug|Any CPU.ActiveCfg = Debug|Any CPU
		{CDBFDC74-52EB-47D6-9532-6BC1B97306DD}.Debug|Any CPU.Build.0 = Debug|Any CPU
		{CDBFDC74-52EB-47D6-9532-6BC1B97306DD}.Release|Any CPU.ActiveCfg = Release|Any CPU
		{CDBFDC74-52EB-47D6-9532-6BC1B97306DD}.Release|Any CPU.Build.0 = Release|Any CPU
		{519E2601-94E6-4B4A-8FB1-8FDE9CAE0EF1}.Debug|Any CPU.ActiveCfg = Debug|Any CPU
		{519E2601-94E6-4B4A-8FB1-8FDE9CAE0EF1}.Debug|Any CPU.Build.0 = Debug|Any CPU
		{519E2601-94E6-4B4A-8FB1-8FDE9CAE0EF1}.Release|Any CPU.ActiveCfg = Release|Any CPU
		{519E2601-94E6-4B4A-8FB1-8FDE9CAE0EF1}.Release|Any CPU.Build.0 = Release|Any CPU
		{3B969F9B-14CC-4BE2-8EF9-3B855DD3B033}.Debug|Any CPU.ActiveCfg = Debug|Any CPU
		{3B969F9B-14CC-4BE2-8EF9-3B855DD3B033}.Debug|Any CPU.Build.0 = Debug|Any CPU
		{3B969F9B-14CC-4BE2-8EF9-3B855DD3B033}.Release|Any CPU.ActiveCfg = Release|Any CPU
		{3B969F9B-14CC-4BE2-8EF9-3B855DD3B033}.Release|Any CPU.Build.0 = Release|Any CPU
		{319D783C-E388-48BA-A7C9-2790C9B33395}.Debug|Any CPU.ActiveCfg = Debug|Any CPU
		{319D783C-E388-48BA-A7C9-2790C9B33395}.Debug|Any CPU.Build.0 = Debug|Any CPU
		{319D783C-E388-48BA-A7C9-2790C9B33395}.Release|Any CPU.ActiveCfg = Release|Any CPU
		{319D783C-E388-48BA-A7C9-2790C9B33395}.Release|Any CPU.Build.0 = Release|Any CPU
		{A0E3C68D-5FA8-405E-A31E-CCBF47847831}.Debug|Any CPU.ActiveCfg = Debug|Any CPU
		{A0E3C68D-5FA8-405E-A31E-CCBF47847831}.Debug|Any CPU.Build.0 = Debug|Any CPU
		{A0E3C68D-5FA8-405E-A31E-CCBF47847831}.Release|Any CPU.ActiveCfg = Release|Any CPU
		{A0E3C68D-5FA8-405E-A31E-CCBF47847831}.Release|Any CPU.Build.0 = Release|Any CPU
		{B8D027E9-C3CB-4CE5-ADAC-F3842CAF7475}.Debug|Any CPU.ActiveCfg = Debug|Any CPU
		{B8D027E9-C3CB-4CE5-ADAC-F3842CAF7475}.Debug|Any CPU.Build.0 = Debug|Any CPU
		{B8D027E9-C3CB-4CE5-ADAC-F3842CAF7475}.Release|Any CPU.ActiveCfg = Release|Any CPU
		{B8D027E9-C3CB-4CE5-ADAC-F3842CAF7475}.Release|Any CPU.Build.0 = Release|Any CPU
		{6C3039CF-06D6-4FA4-9E30-8DC0940EA323}.Debug|Any CPU.ActiveCfg = Debug|Any CPU
		{6C3039CF-06D6-4FA4-9E30-8DC0940EA323}.Debug|Any CPU.Build.0 = Debug|Any CPU
		{6C3039CF-06D6-4FA4-9E30-8DC0940EA323}.Release|Any CPU.ActiveCfg = Release|Any CPU
		{6C3039CF-06D6-4FA4-9E30-8DC0940EA323}.Release|Any CPU.Build.0 = Release|Any CPU
		{BC9DFBCD-57E9-40C3-8F27-D0CF9EAEA362}.Debug|Any CPU.ActiveCfg = Debug|Any CPU
		{BC9DFBCD-57E9-40C3-8F27-D0CF9EAEA362}.Debug|Any CPU.Build.0 = Debug|Any CPU
		{BC9DFBCD-57E9-40C3-8F27-D0CF9EAEA362}.Release|Any CPU.ActiveCfg = Release|Any CPU
		{BC9DFBCD-57E9-40C3-8F27-D0CF9EAEA362}.Release|Any CPU.Build.0 = Release|Any CPU
		{A778B911-E9C4-49B5-BB8F-02726008D673}.Debug|Any CPU.ActiveCfg = Debug|Any CPU
		{A778B911-E9C4-49B5-BB8F-02726008D673}.Debug|Any CPU.Build.0 = Debug|Any CPU
		{A778B911-E9C4-49B5-BB8F-02726008D673}.Release|Any CPU.ActiveCfg = Release|Any CPU
		{A778B911-E9C4-49B5-BB8F-02726008D673}.Release|Any CPU.Build.0 = Release|Any CPU
		{445ADDFD-9D50-4050-B095-DAF04D0699AC}.Debug|Any CPU.ActiveCfg = Debug|Any CPU
		{445ADDFD-9D50-4050-B095-DAF04D0699AC}.Debug|Any CPU.Build.0 = Debug|Any CPU
		{445ADDFD-9D50-4050-B095-DAF04D0699AC}.Release|Any CPU.ActiveCfg = Release|Any CPU
		{445ADDFD-9D50-4050-B095-DAF04D0699AC}.Release|Any CPU.Build.0 = Release|Any CPU
		{6B10C37E-9A3E-4BF3-9505-4C9AD372F010}.Debug|Any CPU.ActiveCfg = Debug|Any CPU
		{6B10C37E-9A3E-4BF3-9505-4C9AD372F010}.Debug|Any CPU.Build.0 = Debug|Any CPU
		{6B10C37E-9A3E-4BF3-9505-4C9AD372F010}.Release|Any CPU.ActiveCfg = Release|Any CPU
		{6B10C37E-9A3E-4BF3-9505-4C9AD372F010}.Release|Any CPU.Build.0 = Release|Any CPU
		{D1BFB820-822E-4D25-9F1D-ECA3C388A101}.Debug|Any CPU.ActiveCfg = Debug|Any CPU
		{D1BFB820-822E-4D25-9F1D-ECA3C388A101}.Debug|Any CPU.Build.0 = Debug|Any CPU
		{D1BFB820-822E-4D25-9F1D-ECA3C388A101}.Release|Any CPU.ActiveCfg = Release|Any CPU
		{D1BFB820-822E-4D25-9F1D-ECA3C388A101}.Release|Any CPU.Build.0 = Release|Any CPU
	EndGlobalSection
	GlobalSection(SolutionProperties) = preSolution
		HideSolutionNode = FALSE
	EndGlobalSection
	GlobalSection(NestedProjects) = preSolution
		{CDBFDC74-52EB-47D6-9532-6BC1B97306DD} = {82C0E932-0C3F-4CED-87B2-0EE4E87DE88B}
		{519E2601-94E6-4B4A-8FB1-8FDE9CAE0EF1} = {82C0E932-0C3F-4CED-87B2-0EE4E87DE88B}
		{3B969F9B-14CC-4BE2-8EF9-3B855DD3B033} = {208D21F2-D6C4-44FD-B6BF-29E3086CEA46}
		{319D783C-E388-48BA-A7C9-2790C9B33395} = {208D21F2-D6C4-44FD-B6BF-29E3086CEA46}
		{A0E3C68D-5FA8-405E-A31E-CCBF47847831} = {3ACACBAA-4DDB-40C6-A807-ABA04937B4B1}
		{B8D027E9-C3CB-4CE5-ADAC-F3842CAF7475} = {3ACACBAA-4DDB-40C6-A807-ABA04937B4B1}
		{6C3039CF-06D6-4FA4-9E30-8DC0940EA323} = {5213163B-1800-481B-81CE-7463D9E2D898}
		{BC9DFBCD-57E9-40C3-8F27-D0CF9EAEA362} = {5BB50FAC-2C84-4311-B179-09FDD72791E8}
		{A778B911-E9C4-49B5-BB8F-02726008D673} = {5BB50FAC-2C84-4311-B179-09FDD72791E8}
		{445ADDFD-9D50-4050-B095-DAF04D0699AC} = {C6464E38-AC29-475D-B4D7-B575C24BD85F}
		{6B10C37E-9A3E-4BF3-9505-4C9AD372F010} = {C6464E38-AC29-475D-B4D7-B575C24BD85F}
		{D1BFB820-822E-4D25-9F1D-ECA3C388A101} = {5213163B-1800-481B-81CE-7463D9E2D898}
	EndGlobalSection
	GlobalSection(ExtensibilityGlobals) = postSolution
		SolutionGuid = {8AD5FE98-34F3-4182-94AB-F885048B570A}
	EndGlobalSection
EndGlobal
