
Microsoft Visual Studio Solution File, Format Version 12.00
# Visual Studio 15
VisualStudioVersion = 15.0.27428.2037
MinimumVisualStudioVersion = 10.0.40219.1
Project("{FAE04EC0-301F-11D3-BF4B-00C04F79EFBC}") = "Naming.Tests", "Naming.Tests\Naming.Tests.csproj", "{BF6C51C8-FC3D-4012-B92E-440251E1758C}"
EndProject
Project("{FAE04EC0-301F-11D3-BF4B-00C04F79EFBC}") = "Naming", "Naming\Naming.csproj", "{AA3EEAB1-3385-4FEB-9EA1-7B1B5529B076}"
EndProject
Global
	GlobalSection(SolutionConfigurationPlatforms) = preSolution
		Debug|Any CPU = Debug|Any CPU
		Release|Any CPU = Release|Any CPU
	EndGlobalSection
	GlobalSection(ProjectConfigurationPlatforms) = postSolution
		{BF6C51C8-FC3D-4012-B92E-440251E1758C}.Debug|Any CPU.ActiveCfg = Debug|Any CPU
		{BF6C51C8-FC3D-4012-B92E-440251E1758C}.Debug|Any CPU.Build.0 = Debug|Any CPU
		{BF6C51C8-FC3D-4012-B92E-440251E1758C}.Release|Any CPU.ActiveCfg = Release|Any CPU
		{BF6C51C8-FC3D-4012-B92E-440251E1758C}.Release|Any CPU.Build.0 = Release|Any CPU
		{AA3EEAB1-3385-4FEB-9EA1-7B1B5529B076}.Debug|Any CPU.ActiveCfg = Debug|Any CPU
		{AA3EEAB1-3385-4FEB-9EA1-7B1B5529B076}.Debug|Any CPU.Build.0 = Debug|Any CPU
		{AA3EEAB1-3385-4FEB-9EA1-7B1B5529B076}.Release|Any CPU.ActiveCfg = Release|Any CPU
		{AA3EEAB1-3385-4FEB-9EA1-7B1B5529B076}.Release|Any CPU.Build.0 = Release|Any CPU
	EndGlobalSection
	GlobalSection(SolutionProperties) = preSolution
		HideSolutionNode = FALSE
	EndGlobalSection
	GlobalSection(ExtensibilityGlobals) = postSolution
		SolutionGuid = {A1C4D9DD-FEE4-445A-BFE0-8FC99A259CA4}
	EndGlobalSection
EndGlobal
