
Microsoft Visual Studio Solution File, Format Version 12.00
# Visual Studio 15
VisualStudioVersion = 15.0.27130.2027
MinimumVisualStudioVersion = 10.0.40219.1
Project("{FAE04EC0-301F-11D3-BF4B-00C04F79EFBC}") = "Functions", "Functions\Functions.csproj", "{43A98A2F-8100-41A3-A9E6-A80F03F5027C}"
EndProject
Project("{FAE04EC0-301F-11D3-BF4B-00C04F79EFBC}") = "Functions.Tests", "Functions.Tests\Functions.Tests.csproj", "{3A360948-AAD9-4A42-BA73-1C63CDBEC004}"
EndProject
Global
	GlobalSection(SolutionConfigurationPlatforms) = preSolution
		Debug|Any CPU = Debug|Any CPU
		Release|Any CPU = Release|Any CPU
	EndGlobalSection
	GlobalSection(ProjectConfigurationPlatforms) = postSolution
		{43A98A2F-8100-41A3-A9E6-A80F03F5027C}.Debug|Any CPU.ActiveCfg = Debug|Any CPU
		{43A98A2F-8100-41A3-A9E6-A80F03F5027C}.Debug|Any CPU.Build.0 = Debug|Any CPU
		{43A98A2F-8100-41A3-A9E6-A80F03F5027C}.Release|Any CPU.ActiveCfg = Release|Any CPU
		{43A98A2F-8100-41A3-A9E6-A80F03F5027C}.Release|Any CPU.Build.0 = Release|Any CPU
		{3A360948-AAD9-4A42-BA73-1C63CDBEC004}.Debug|Any CPU.ActiveCfg = Debug|Any CPU
		{3A360948-AAD9-4A42-BA73-1C63CDBEC004}.Debug|Any CPU.Build.0 = Debug|Any CPU
		{3A360948-AAD9-4A42-BA73-1C63CDBEC004}.Release|Any CPU.ActiveCfg = Release|Any CPU
		{3A360948-AAD9-4A42-BA73-1C63CDBEC004}.Release|Any CPU.Build.0 = Release|Any CPU
	EndGlobalSection
	GlobalSection(SolutionProperties) = preSolution
		HideSolutionNode = FALSE
	EndGlobalSection
	GlobalSection(ExtensibilityGlobals) = postSolution
		SolutionGuid = {FE539B24-77C9-48AF-AF70-2769C685EF05}
	EndGlobalSection
EndGlobal
