
Microsoft Visual Studio Solution File, Format Version 12.00
# Visual Studio 15
VisualStudioVersion = 15.0.27130.2027
MinimumVisualStudioVersion = 10.0.40219.1
Project("{9A19103F-16F7-4668-BE54-9A1E7A4F7556}") = "Complex", "Complex\Complex.csproj", "{377C1FC0-398F-4FFC-A0E9-C725CBAC7040}"
EndProject
Project("{9A19103F-16F7-4668-BE54-9A1E7A4F7556}") = "Complex.Tests", "Complex.Tests\Complex.Tests.csproj", "{A59FF041-0D59-478C-B86C-23DB5434484D}"
EndProject
Global
	GlobalSection(SolutionConfigurationPlatforms) = preSolution
		Debug|Any CPU = Debug|Any CPU
		Release|Any CPU = Release|Any CPU
	EndGlobalSection
	GlobalSection(ProjectConfigurationPlatforms) = postSolution
		{377C1FC0-398F-4FFC-A0E9-C725CBAC7040}.Debug|Any CPU.ActiveCfg = Debug|Any CPU
		{377C1FC0-398F-4FFC-A0E9-C725CBAC7040}.Debug|Any CPU.Build.0 = Debug|Any CPU
		{377C1FC0-398F-4FFC-A0E9-C725CBAC7040}.Release|Any CPU.ActiveCfg = Release|Any CPU
		{377C1FC0-398F-4FFC-A0E9-C725CBAC7040}.Release|Any CPU.Build.0 = Release|Any CPU
		{A59FF041-0D59-478C-B86C-23DB5434484D}.Debug|Any CPU.ActiveCfg = Debug|Any CPU
		{A59FF041-0D59-478C-B86C-23DB5434484D}.Debug|Any CPU.Build.0 = Debug|Any CPU
		{A59FF041-0D59-478C-B86C-23DB5434484D}.Release|Any CPU.ActiveCfg = Release|Any CPU
		{A59FF041-0D59-478C-B86C-23DB5434484D}.Release|Any CPU.Build.0 = Release|Any CPU
	EndGlobalSection
	GlobalSection(SolutionProperties) = preSolution
		HideSolutionNode = FALSE
	EndGlobalSection
	GlobalSection(ExtensibilityGlobals) = postSolution
		SolutionGuid = {FE523184-D562-490A-A3C4-9BE5DB760EC5}
	EndGlobalSection
EndGlobal
