
Microsoft Visual Studio Solution File, Format Version 12.00
# Visual Studio 15
VisualStudioVersion = 15.0.27130.2027
MinimumVisualStudioVersion = 10.0.40219.1
Project("{FAE04EC0-301F-11D3-BF4B-00C04F79EFBC}") = "Comments", "Comments\Comments.csproj", "{7F1B0940-6E6C-4E77-A6DA-166CD20A8428}"
EndProject
Project("{FAE04EC0-301F-11D3-BF4B-00C04F79EFBC}") = "Comments.Tests", "Comments.Tests\Comments.Tests.csproj", "{1D6BFC40-DC87-4ED7-908C-D62AE80562D3}"
EndProject
Global
	GlobalSection(SolutionConfigurationPlatforms) = preSolution
		Debug|Any CPU = Debug|Any CPU
		Release|Any CPU = Release|Any CPU
	EndGlobalSection
	GlobalSection(ProjectConfigurationPlatforms) = postSolution
		{7F1B0940-6E6C-4E77-A6DA-166CD20A8428}.Debug|Any CPU.ActiveCfg = Debug|Any CPU
		{7F1B0940-6E6C-4E77-A6DA-166CD20A8428}.Debug|Any CPU.Build.0 = Debug|Any CPU
		{7F1B0940-6E6C-4E77-A6DA-166CD20A8428}.Release|Any CPU.ActiveCfg = Release|Any CPU
		{7F1B0940-6E6C-4E77-A6DA-166CD20A8428}.Release|Any CPU.Build.0 = Release|Any CPU
		{1D6BFC40-DC87-4ED7-908C-D62AE80562D3}.Debug|Any CPU.ActiveCfg = Debug|Any CPU
		{1D6BFC40-DC87-4ED7-908C-D62AE80562D3}.Debug|Any CPU.Build.0 = Debug|Any CPU
		{1D6BFC40-DC87-4ED7-908C-D62AE80562D3}.Release|Any CPU.ActiveCfg = Release|Any CPU
		{1D6BFC40-DC87-4ED7-908C-D62AE80562D3}.Release|Any CPU.Build.0 = Release|Any CPU
	EndGlobalSection
	GlobalSection(SolutionProperties) = preSolution
		HideSolutionNode = FALSE
	EndGlobalSection
	GlobalSection(ExtensibilityGlobals) = postSolution
		SolutionGuid = {3D95E769-AC88-49F1-9354-1B50CE724FC3}
	EndGlobalSection
EndGlobal
