
Microsoft Visual Studio Solution File, Format Version 12.00
# Visual Studio 15
VisualStudioVersion = 15.0.27130.2027
MinimumVisualStudioVersion = 10.0.40219.1
Project("{9A19103F-16F7-4668-BE54-9A1E7A4F7556}") = "DRY", "DRY\DRY.csproj", "{EAED5050-3898-4CAA-B16B-F2DDF6AFD64B}"
EndProject
Project("{9A19103F-16F7-4668-BE54-9A1E7A4F7556}") = "DRY.Tests", "DRY.Tests\DRY.Tests.csproj", "{7B7F6B98-400D-4B98-B467-C36CD8705425}"
EndProject
Global
	GlobalSection(SolutionConfigurationPlatforms) = preSolution
		Debug|Any CPU = Debug|Any CPU
		Release|Any CPU = Release|Any CPU
	EndGlobalSection
	GlobalSection(ProjectConfigurationPlatforms) = postSolution
		{EAED5050-3898-4CAA-B16B-F2DDF6AFD64B}.Debug|Any CPU.ActiveCfg = Debug|Any CPU
		{EAED5050-3898-4CAA-B16B-F2DDF6AFD64B}.Debug|Any CPU.Build.0 = Debug|Any CPU
		{EAED5050-3898-4CAA-B16B-F2DDF6AFD64B}.Release|Any CPU.ActiveCfg = Release|Any CPU
		{EAED5050-3898-4CAA-B16B-F2DDF6AFD64B}.Release|Any CPU.Build.0 = Release|Any CPU
		{7B7F6B98-400D-4B98-B467-C36CD8705425}.Debug|Any CPU.ActiveCfg = Debug|Any CPU
		{7B7F6B98-400D-4B98-B467-C36CD8705425}.Debug|Any CPU.Build.0 = Debug|Any CPU
		{7B7F6B98-400D-4B98-B467-C36CD8705425}.Release|Any CPU.ActiveCfg = Release|Any CPU
		{7B7F6B98-400D-4B98-B467-C36CD8705425}.Release|Any CPU.Build.0 = Release|Any CPU
	EndGlobalSection
	GlobalSection(SolutionProperties) = preSolution
		HideSolutionNode = FALSE
	EndGlobalSection
	GlobalSection(ExtensibilityGlobals) = postSolution
		SolutionGuid = {B28CAE0B-6817-471E-BDBF-2503C94514A8}
	EndGlobalSection
EndGlobal
